
Microsoft Visual Studio Solution File, Format Version 12.00
# Visual Studio 2012
VisualStudioVersion = 12.0.31101.0
MinimumVisualStudioVersion = 10.0.40219.1
Project("{FAE04EC0-301F-11D3-BF4B-00C04F79EFBC}") = "Dominio", "Dominio\Dominio.csproj", "{C7562B90-054F-4E96-B33E-4595F1E6B7CC}"
EndProject
Project("{FAE04EC0-301F-11D3-BF4B-00C04F79EFBC}") = "DominioPruebasUnitarias", "DominioPruebasUnitarias\DominioPruebasUnitarias.csproj", "{5FF6CAD7-12F7-4DC2-95A4-3165E30BC256}"
EndProject
Global
	GlobalSection(SolutionConfigurationPlatforms) = preSolution
		Debug|Any CPU = Debug|Any CPU
		Release|Any CPU = Release|Any CPU
	EndGlobalSection
	GlobalSection(ProjectConfigurationPlatforms) = postSolution
		{5FF6CAD7-12F7-4DC2-95A4-3165E30BC256}.Debug|Any CPU.ActiveCfg = Debug|Any CPU
		{5FF6CAD7-12F7-4DC2-95A4-3165E30BC256}.Debug|Any CPU.Build.0 = Debug|Any CPU
		{5FF6CAD7-12F7-4DC2-95A4-3165E30BC256}.Release|Any CPU.ActiveCfg = Release|Any CPU
		{5FF6CAD7-12F7-4DC2-95A4-3165E30BC256}.Release|Any CPU.Build.0 = Release|Any CPU
		{C7562B90-054F-4E96-B33E-4595F1E6B7CC}.Debug|Any CPU.ActiveCfg = Debug|Any CPU
		{C7562B90-054F-4E96-B33E-4595F1E6B7CC}.Debug|Any CPU.Build.0 = Debug|Any CPU
		{C7562B90-054F-4E96-B33E-4595F1E6B7CC}.Release|Any CPU.ActiveCfg = Release|Any CPU
		{C7562B90-054F-4E96-B33E-4595F1E6B7CC}.Release|Any CPU.Build.0 = Release|Any CPU
	EndGlobalSection
	GlobalSection(MonoDevelopProperties) = preSolution
		Policies = $0
		$0.VersionControlPolicy = $1
		$1.inheritsSet = Mono
	EndGlobalSection
	GlobalSection(SolutionProperties) = preSolution
		HideSolutionNode = FALSE
	EndGlobalSection
EndGlobal
